// !$*UTF8*$!
{
	archiveVersion = 1;
	classes = {
	};
	objectVersion = 46;
	objects = {

/* Begin PBXBuildFile section */
		72608D451B9D6DC20005A910 /* main.m in Sources */ = {isa = PBXBuildFile; fileRef = 72608D441B9D6DC20005A910 /* main.m */; };
		72608D481B9D6DC20005A910 /* AppDelegate.m in Sources */ = {isa = PBXBuildFile; fileRef = 72608D471B9D6DC20005A910 /* AppDelegate.m */; };
		72608D4B1B9D6DC20005A910 /* ViewController.m in Sources */ = {isa = PBXBuildFile; fileRef = 72608D4A1B9D6DC20005A910 /* ViewController.m */; };
		72608D4E1B9D6DC30005A910 /* Main.storyboard in Resources */ = {isa = PBXBuildFile; fileRef = 72608D4C1B9D6DC30005A910 /* Main.storyboard */; };
		72608D501B9D6DC30005A910 /* Images.xcassets in Resources */ = {isa = PBXBuildFile; fileRef = 72608D4F1B9D6DC30005A910 /* Images.xcassets */; };
		72608D531B9D6DC30005A910 /* LaunchScreen.xib in Resources */ = {isa = PBXBuildFile; fileRef = 72608D511B9D6DC30005A910 /* LaunchScreen.xib */; };
		72608D5F1B9D6DC30005A910 /* AssociatedObjectsTests.m in Sources */ = {isa = PBXBuildFile; fileRef = 72608D5E1B9D6DC30005A910 /* AssociatedObjectsTests.m */; };
		72608D6D1B9D7E010005A910 /* UIAlertView+DeleteConfirmation.m in Sources */ = {isa = PBXBuildFile; fileRef = 72608D6C1B9D7E010005A910 /* UIAlertView+DeleteConfirmation.m */; };
		72608D701B9D83EC0005A910 /* NSObject+AssociatedObjects.m in Sources */ = {isa = PBXBuildFile; fileRef = 72608D6F1B9D83EC0005A910 /* NSObject+AssociatedObjects.m */; };
/* End PBXBuildFile section */

/* Begin PBXContainerItemProxy section */
		72608D591B9D6DC30005A910 /* PBXContainerItemProxy */ = {
			isa = PBXContainerItemProxy;
			containerPortal = 72608D371B9D6DC20005A910 /* Project object */;
			proxyType = 1;
			remoteGlobalIDString = 72608D3E1B9D6DC20005A910;
			remoteInfo = AssociatedObjects;
		};
/* End PBXContainerItemProxy section */

/* Begin PBXFileReference section */
		72608D3F1B9D6DC20005A910 /* AssociatedObjects.app */ = {isa = PBXFileReference; explicitFileType = wrapper.application; includeInIndex = 0; path = AssociatedObjects.app; sourceTree = BUILT_PRODUCTS_DIR; };
		72608D431B9D6DC20005A910 /* Info.plist */ = {isa = PBXFileReference; lastKnownFileType = text.plist.xml; path = Info.plist; sourceTree = "<group>"; };
		72608D441B9D6DC20005A910 /* main.m */ = {isa = PBXFileReference; lastKnownFileType = sourcecode.c.objc; path = main.m; sourceTree = "<group>"; };
		72608D461B9D6DC20005A910 /* AppDelegate.h */ = {isa = PBXFileReference; lastKnownFileType = sourcecode.c.h; path = AppDelegate.h; sourceTree = "<group>"; };
		72608D471B9D6DC20005A910 /* AppDelegate.m */ = {isa = PBXFileReference; lastKnownFileType = sourcecode.c.objc; path = AppDelegate.m; sourceTree = "<group>"; };
		72608D491B9D6DC20005A910 /* ViewController.h */ = {isa = PBXFileReference; lastKnownFileType = sourcecode.c.h; path = ViewController.h; sourceTree = "<group>"; };
		72608D4A1B9D6DC20005A910 /* ViewController.m */ = {isa = PBXFileReference; lastKnownFileType = sourcecode.c.objc; path = ViewController.m; sourceTree = "<group>"; };
		72608D4D1B9D6DC30005A910 /* Base */ = {isa = PBXFileReference; lastKnownFileType = file.storyboard; name = Base; path = Base.lproj/Main.storyboard; sourceTree = "<group>"; };
		72608D4F1B9D6DC30005A910 /* Images.xcassets */ = {isa = PBXFileReference; lastKnownFileType = folder.assetcatalog; path = Images.xcassets; sourceTree = "<group>"; };
		72608D521B9D6DC30005A910 /* Base */ = {isa = PBXFileReference; lastKnownFileType = file.xib; name = Base; path = Base.lproj/LaunchScreen.xib; sourceTree = "<group>"; };
		72608D581B9D6DC30005A910 /* AssociatedObjectsTests.xctest */ = {isa = PBXFileReference; explicitFileType = wrapper.cfbundle; includeInIndex = 0; path = AssociatedObjectsTests.xctest; sourceTree = BUILT_PRODUCTS_DIR; };
		72608D5D1B9D6DC30005A910 /* Info.plist */ = {isa = PBXFileReference; lastKnownFileType = text.plist.xml; path = Info.plist; sourceTree = "<group>"; };
		72608D5E1B9D6DC30005A910 /* AssociatedObjectsTests.m */ = {isa = PBXFileReference; lastKnownFileType = sourcecode.c.objc; path = AssociatedObjectsTests.m; sourceTree = "<group>"; };
		72608D6B1B9D7E010005A910 /* UIAlertView+DeleteConfirmation.h */ = {isa = PBXFileReference; fileEncoding = 4; lastKnownFileType = sourcecode.c.h; path = "UIAlertView+DeleteConfirmation.h"; sourceTree = "<group>"; };
		72608D6C1B9D7E010005A910 /* UIAlertView+DeleteConfirmation.m */ = {isa = PBXFileReference; fileEncoding = 4; lastKnownFileType = sourcecode.c.objc; path = "UIAlertView+DeleteConfirmation.m"; sourceTree = "<group>"; };
		72608D6E1B9D83EC0005A910 /* NSObject+AssociatedObjects.h */ = {isa = PBXFileReference; fileEncoding = 4; lastKnownFileType = sourcecode.c.h; path = "NSObject+AssociatedObjects.h"; sourceTree = "<group>"; };
		72608D6F1B9D83EC0005A910 /* NSObject+AssociatedObjects.m */ = {isa = PBXFileReference; fileEncoding = 4; lastKnownFileType = sourcecode.c.objc; path = "NSObject+AssociatedObjects.m"; sourceTree = "<group>"; };
/* End PBXFileReference section */

/* Begin PBXFrameworksBuildPhase section */
		72608D3C1B9D6DC20005A910 /* Frameworks */ = {
			isa = PBXFrameworksBuildPhase;
			buildActionMask = 2147483647;
			files = (
			);
			runOnlyForDeploymentPostprocessing = 0;
		};
		72608D551B9D6DC30005A910 /* Frameworks */ = {
			isa = PBXFrameworksBuildPhase;
			buildActionMask = 2147483647;
			files = (
			);
			runOnlyForDeploymentPostprocessing = 0;
		};
/* End PBXFrameworksBuildPhase section */

/* Begin PBXGroup section */
		72608D361B9D6DC20005A910 = {
			isa = PBXGroup;
			children = (
				72608D411B9D6DC20005A910 /* AssociatedObjects */,
				72608D5B1B9D6DC30005A910 /* AssociatedObjectsTests */,
				72608D401B9D6DC20005A910 /* Products */,
			);
			sourceTree = "<group>";
		};
		72608D401B9D6DC20005A910 /* Products */ = {
			isa = PBXGroup;
			children = (
				72608D3F1B9D6DC20005A910 /* AssociatedObjects.app */,
				72608D581B9D6DC30005A910 /* AssociatedObjectsTests.xctest */,
			);
			name = Products;
			sourceTree = "<group>";
		};
		72608D411B9D6DC20005A910 /* AssociatedObjects */ = {
			isa = PBXGroup;
			children = (
				72608D461B9D6DC20005A910 /* AppDelegate.h */,
				72608D471B9D6DC20005A910 /* AppDelegate.m */,
				72608D6E1B9D83EC0005A910 /* NSObject+AssociatedObjects.h */,
				72608D6F1B9D83EC0005A910 /* NSObject+AssociatedObjects.m */,
				72608D6B1B9D7E010005A910 /* UIAlertView+DeleteConfirmation.h */,
				72608D6C1B9D7E010005A910 /* UIAlertView+DeleteConfirmation.m */,
				72608D491B9D6DC20005A910 /* ViewController.h */,
				72608D4A1B9D6DC20005A910 /* ViewController.m */,
				72608D4C1B9D6DC30005A910 /* Main.storyboard */,
				72608D4F1B9D6DC30005A910 /* Images.xcassets */,
				72608D511B9D6DC30005A910 /* LaunchScreen.xib */,
				72608D421B9D6DC20005A910 /* Supporting Files */,
			);
			path = AssociatedObjects;
			sourceTree = "<group>";
		};
		72608D421B9D6DC20005A910 /* Supporting Files */ = {
			isa = PBXGroup;
			children = (
				72608D431B9D6DC20005A910 /* Info.plist */,
				72608D441B9D6DC20005A910 /* main.m */,
			);
			name = "Supporting Files";
			sourceTree = "<group>";
		};
		72608D5B1B9D6DC30005A910 /* AssociatedObjectsTests */ = {
			isa = PBXGroup;
			children = (
				72608D5E1B9D6DC30005A910 /* AssociatedObjectsTests.m */,
				72608D5C1B9D6DC30005A910 /* Supporting Files */,
			);
			path = AssociatedObjectsTests;
			sourceTree = "<group>";
		};
		72608D5C1B9D6DC30005A910 /* Supporting Files */ = {
			isa = PBXGroup;
			children = (
				72608D5D1B9D6DC30005A910 /* Info.plist */,
			);
			name = "Supporting Files";
			sourceTree = "<group>";
		};
/* End PBXGroup section */

/* Begin PBXNativeTarget section */
		72608D3E1B9D6DC20005A910 /* AssociatedObjects */ = {
			isa = PBXNativeTarget;
			buildConfigurationList = 72608D621B9D6DC30005A910 /* Build configuration list for PBXNativeTarget "AssociatedObjects" */;
			buildPhases = (
				72608D3B1B9D6DC20005A910 /* Sources */,
				72608D3C1B9D6DC20005A910 /* Frameworks */,
				72608D3D1B9D6DC20005A910 /* Resources */,
			);
			buildRules = (
			);
			dependencies = (
			);
			name = AssociatedObjects;
			productName = AssociatedObjects;
			productReference = 72608D3F1B9D6DC20005A910 /* AssociatedObjects.app */;
			productType = "com.apple.product-type.application";
		};
		72608D571B9D6DC30005A910 /* AssociatedObjectsTests */ = {
			isa = PBXNativeTarget;
			buildConfigurationList = 72608D651B9D6DC30005A910 /* Build configuration list for PBXNativeTarget "AssociatedObjectsTests" */;
			buildPhases = (
				72608D541B9D6DC30005A910 /* Sources */,
				72608D551B9D6DC30005A910 /* Frameworks */,
				72608D561B9D6DC30005A910 /* Resources */,
			);
			buildRules = (
			);
			dependencies = (
				72608D5A1B9D6DC30005A910 /* PBXTargetDependency */,
			);
			name = AssociatedObjectsTests;
			productName = AssociatedObjectsTests;
			productReference = 72608D581B9D6DC30005A910 /* AssociatedObjectsTests.xctest */;
			productType = "com.apple.product-type.bundle.unit-test";
		};
/* End PBXNativeTarget section */

/* Begin PBXProject section */
		72608D371B9D6DC20005A910 /* Project object */ = {
			isa = PBXProject;
			attributes = {
				LastUpgradeCheck = 0640;
				ORGANIZATIONNAME = "王振辉";
				TargetAttributes = {
					72608D3E1B9D6DC20005A910 = {
						CreatedOnToolsVersion = 6.4;
					};
					72608D571B9D6DC30005A910 = {
						CreatedOnToolsVersion = 6.4;
						TestTargetID = 72608D3E1B9D6DC20005A910;
					};
				};
			};
			buildConfigurationList = 72608D3A1B9D6DC20005A910 /* Build configuration list for PBXProject "AssociatedObjects" */;
			compatibilityVersion = "Xcode 3.2";
			developmentRegion = English;
			hasScannedForEncodings = 0;
			knownRegions = (
				en,
				Base,
			);
			mainGroup = 72608D361B9D6DC20005A910;
			productRefGroup = 72608D401B9D6DC20005A910 /* Products */;
			projectDirPath = "";
			projectRoot = "";
			targets = (
				72608D3E1B9D6DC20005A910 /* AssociatedObjects */,
				72608D571B9D6DC30005A910 /* AssociatedObjectsTests */,
			);
		};
/* End PBXProject section */

/* Begin PBXResourcesBuildPhase section */
		72608D3D1B9D6DC20005A910 /* Resources */ = {
			isa = PBXResourcesBuildPhase;
			buildActionMask = 2147483647;
			files = (
				72608D4E1B9D6DC30005A910 /* Main.storyboard in Resources */,
				72608D531B9D6DC30005A910 /* LaunchScreen.xib in Resources */,
				72608D501B9D6DC30005A910 /* Images.xcassets in Resources */,
			);
			runOnlyForDeploymentPostprocessing = 0;
		};
		72608D561B9D6DC30005A910 /* Resources */ = {
			isa = PBXResourcesBuildPhase;
			buildActionMask = 2147483647;
			files = (
			);
			runOnlyForDeploymentPostprocessing = 0;
		};
/* End PBXResourcesBuildPhase section */

/* Begin PBXSourcesBuildPhase section */
		72608D3B1B9D6DC20005A910 /* Sources */ = {
			isa = PBXSourcesBuildPhase;
			buildActionMask = 2147483647;
			files = (
				72608D4B1B9D6DC20005A910 /* ViewController.m in Sources */,
				72608D701B9D83EC0005A910 /* NSObject+AssociatedObjects.m in Sources */,
				72608D481B9D6DC20005A910 /* AppDelegate.m in Sources */,
				72608D6D1B9D7E010005A910 /* UIAlertView+DeleteConfirmation.m in Sources */,
				72608D451B9D6DC20005A910 /* main.m in Sources */,
			);
			runOnlyForDeploymentPostprocessing = 0;
		};
		72608D541B9D6DC30005A910 /* Sources */ = {
			isa = PBXSourcesBuildPhase;
			buildActionMask = 2147483647;
			files = (
				72608D5F1B9D6DC30005A910 /* AssociatedObjectsTests.m in Sources */,
			);
			runOnlyForDeploymentPostprocessing = 0;
		};
/* End PBXSourcesBuildPhase section */

/* Begin PBXTargetDependency section */
		72608D5A1B9D6DC30005A910 /* PBXTargetDependency */ = {
			isa = PBXTargetDependency;
			target = 72608D3E1B9D6DC20005A910 /* AssociatedObjects */;
			targetProxy = 72608D591B9D6DC30005A910 /* PBXContainerItemProxy */;
		};
/* End PBXTargetDependency section */

/* Begin PBXVariantGroup section */
		72608D4C1B9D6DC30005A910 /* Main.storyboard */ = {
			isa = PBXVariantGroup;
			children = (
				72608D4D1B9D6DC30005A910 /* Base */,
			);
			name = Main.storyboard;
			sourceTree = "<group>";
		};
		72608D511B9D6DC30005A910 /* LaunchScreen.xib */ = {
			isa = PBXVariantGroup;
			children = (
				72608D521B9D6DC30005A910 /* Base */,
			);
			name = LaunchScreen.xib;
			sourceTree = "<group>";
		};
/* End PBXVariantGroup section */

/* Begin XCBuildConfiguration section */
		72608D601B9D6DC30005A910 /* Debug */ = {
			isa = XCBuildConfiguration;
			buildSettings = {
				ALWAYS_SEARCH_USER_PATHS = NO;
				CLANG_CXX_LANGUAGE_STANDARD = "gnu++0x";
				CLANG_CXX_LIBRARY = "libc++";
				CLANG_ENABLE_MODULES = YES;
				CLANG_ENABLE_OBJC_ARC = YES;
				CLANG_WARN_BOOL_CONVERSION = YES;
				CLANG_WARN_CONSTANT_CONVERSION = YES;
				CLANG_WARN_DIRECT_OBJC_ISA_USAGE = YES_ERROR;
				CLANG_WARN_EMPTY_BODY = YES;
				CLANG_WARN_ENUM_CONVERSION = YES;
				CLANG_WARN_INT_CONVERSION = YES;
				CLANG_WARN_OBJC_ROOT_CLASS = YES_ERROR;
				CLANG_WARN_UNREACHABLE_CODE = YES;
				CLANG_WARN__DUPLICATE_METHOD_MATCH = YES;
				"CODE_SIGN_IDENTITY[sdk=iphoneos*]" = "iPhone Developer";
				COPY_PHASE_STRIP = NO;
				DEBUG_INFORMATION_FORMAT = "dwarf-with-dsym";
				ENABLE_STRICT_OBJC_MSGSEND = YES;
				GCC_C_LANGUAGE_STANDARD = gnu99;
				GCC_DYNAMIC_NO_PIC = NO;
				GCC_NO_COMMON_BLOCKS = YES;
				GCC_OPTIMIZATION_LEVEL = 0;
				GCC_PREPROCESSOR_DEFINITIONS = (
					"DEBUG=1",
					"$(inherited)",
				);
				GCC_SYMBOLS_PRIVATE_EXTERN = NO;
				GCC_WARN_64_TO_32_BIT_CONVERSION = YES;
				GCC_WARN_ABOUT_RETURN_TYPE = YES_ERROR;
				GCC_WARN_UNDECLARED_SELECTOR = YES;
				GCC_WARN_UNINITIALIZED_AUTOS = YES_AGGRESSIVE;
				GCC_WARN_UNUSED_FUNCTION = YES;
				GCC_WARN_UNUSED_VARIABLE = YES;
				IPHONEOS_DEPLOYMENT_TARGET = 8.4;
				MTL_ENABLE_DEBUG_INFO = YES;
				ONLY_ACTIVE_ARCH = YES;
				SDKROOT = iphoneos;
			};
			name = Debug;
		};
		72608D611B9D6DC30005A910 /* Release */ = {
			isa = XCBuildConfiguration;
			buildSettings = {
				ALWAYS_SEARCH_USER_PATHS = NO;
				CLANG_CXX_LANGUAGE_STANDARD = "gnu++0x";
				CLANG_CXX_LIBRARY = "libc++";
				CLANG_ENABLE_MODULES = YES;
				CLANG_ENABLE_OBJC_ARC = YES;
				CLANG_WARN_BOOL_CONVERSION = YES;
				CLANG_WARN_CONSTANT_CONVERSION = YES;
				CLANG_WARN_DIRECT_OBJC_ISA_USAGE = YES_ERROR;
				CLANG_WARN_EMPTY_BODY = YES;
				CLANG_WARN_ENUM_CONVERSION = YES;
				CLANG_WARN_INT_CONVERSION = YES;
				CLANG_WARN_OBJC_ROOT_CLASS = YES_ERROR;
				CLANG_WARN_UNREACHABLE_CODE = YES;
				CLANG_WARN__DUPLICATE_METHOD_MATCH = YES;
				"CODE_SIGN_IDENTITY[sdk=iphoneos*]" = "iPhone Developer";
				COPY_PHASE_STRIP = NO;
				DEBUG_INFORMATION_FORMAT = "dwarf-with-dsym";
				ENABLE_NS_ASSERTIONS = NO;
				ENABLE_STRICT_OBJC_MSGSEND = YES;
				GCC_C_LANGUAGE_STANDARD = gnu99;
				GCC_NO_COMMON_BLOCKS = YES;
				GCC_WARN_64_TO_32_BIT_CONVERSION = YES;
				GCC_WARN_ABOUT_RETURN_TYPE = YES_ERROR;
				GCC_WARN_UNDECLARED_SELECTOR = YES;
				GCC_WARN_UNINITIALIZED_AUTOS = YES_AGGRESSIVE;
				GCC_WARN_UNUSED_FUNCTION = YES;
				GCC_WARN_UNUSED_VARIABLE = YES;
				IPHONEOS_DEPLOYMENT_TARGET = 8.4;
				MTL_ENABLE_DEBUG_INFO = NO;
				SDKROOT = iphoneos;
				VALIDATE_PRODUCT = YES;
			};
			name = Release;
		};
		72608D631B9D6DC30005A910 /* Debug */ = {
			isa = XCBuildConfiguration;
			buildSettings = {
				ASSETCATALOG_COMPILER_APPICON_NAME = AppIcon;
				INFOPLIST_FILE = AssociatedObjects/Info.plist;
				IPHONEOS_DEPLOYMENT_TARGET = 8.0;
				LD_RUNPATH_SEARCH_PATHS = "$(inherited) @executable_path/Frameworks";
				PRODUCT_NAME = "$(TARGET_NAME)";
			};
			name = Debug;
		};
		72608D641B9D6DC30005A910 /* Release */ = {
			isa = XCBuildConfiguration;
			buildSettings = {
				ASSETCATALOG_COMPILER_APPICON_NAME = AppIcon;
				INFOPLIST_FILE = AssociatedObjects/Info.plist;
				IPHONEOS_DEPLOYMENT_TARGET = 8.0;
				LD_RUNPATH_SEARCH_PATHS = "$(inherited) @executable_path/Frameworks";
				PRODUCT_NAME = "$(TARGET_NAME)";
			};
			name = Release;
		};
		72608D661B9D6DC30005A910 /* Debug */ = {
			isa = XCBuildConfiguration;
			buildSettings = {
				BUNDLE_LOADER = "$(TEST_HOST)";
				FRAMEWORK_SEARCH_PATHS = (
					"$(SDKROOT)/Developer/Library/Frameworks",
					"$(inherited)",
				);
				GCC_PREPROCESSOR_DEFINITIONS = (
					"DEBUG=1",
					"$(inherited)",
				);
				INFOPLIST_FILE = AssociatedObjectsTests/Info.plist;
				LD_RUNPATH_SEARCH_PATHS = "$(inherited) @executable_path/Frameworks @loader_path/Frameworks";
				PRODUCT_NAME = "$(TARGET_NAME)";
				TEST_HOST = "$(BUILT_PRODUCTS_DIR)/AssociatedObjects.app/AssociatedObjects";
			};
			name = Debug;
		};
		72608D671B9D6DC30005A910 /* Release */ = {
			isa = XCBuildConfiguration;
			buildSettings = {
				BUNDLE_LOADER = "$(TEST_HOST)";
				FRAMEWORK_SEARCH_PATHS = (
					"$(SDKROOT)/Developer/Library/Frameworks",
					"$(inherited)",
				);
				INFOPLIST_FILE = AssociatedObjectsTests/Info.plist;
				LD_RUNPATH_SEARCH_PATHS = "$(inherited) @executable_path/Frameworks @loader_path/Frameworks";
				PRODUCT_NAME = "$(TARGET_NAME)";
				TEST_HOST = "$(BUILT_PRODUCTS_DIR)/AssociatedObjects.app/AssociatedObjects";
			};
			name = Release;
		};
/* End XCBuildConfiguration section */

/* Begin XCConfigurationList section */
		72608D3A1B9D6DC20005A910 /* Build configuration list for PBXProject "AssociatedObjects" */ = {
			isa = XCConfigurationList;
			buildConfigurations = (
				72608D601B9D6DC30005A910 /* Debug */,
				72608D611B9D6DC30005A910 /* Release */,
			);
			defaultConfigurationIsVisible = 0;
			defaultConfigurationName = Release;
		};
		72608D621B9D6DC30005A910 /* Build configuration list for PBXNativeTarget "AssociatedObjects" */ = {
			isa = XCConfigurationList;
			buildConfigurations = (
				72608D631B9D6DC30005A910 /* Debug */,
				72608D641B9D6DC30005A910 /* Release */,
			);
			defaultConfigurationIsVisible = 0;
			defaultConfigurationName = Release;
		};
		72608D651B9D6DC30005A910 /* Build configuration list for PBXNativeTarget "AssociatedObjectsTests" */ = {
			isa = XCConfigurationList;
			buildConfigurations = (
				72608D661B9D6DC30005A910 /* Debug */,
				72608D671B9D6DC30005A910 /* Release */,
			);
			defaultConfigurationIsVisible = 0;
			defaultConfigurationName = Release;
		};
/* End XCConfigurationList section */
	};
	rootObject = 72608D371B9D6DC20005A910 /* Project object */;
}
